
Microsoft Visual Studio Solution File, Format Version 12.00
# Visual Studio Version 17
VisualStudioVersion = 17.5.33530.505
MinimumVisualStudioVersion = 10.0.40219.1
Project("{FAE04EC0-301F-11D3-BF4B-00C04F79EFBC}") = "MegaDesk_Group_6", "MegaDesk 2.0\MegaDesk_Group_6.csproj", "{33E3E4A9-D061-4577-8EC8-3079EA04A046}"
EndProject
Global
	GlobalSection(SolutionConfigurationPlatforms) = preSolution
		Debug|Any CPU = Debug|Any CPU
		Release|Any CPU = Release|Any CPU
	EndGlobalSection
	GlobalSection(ProjectConfigurationPlatforms) = postSolution
		{33E3E4A9-D061-4577-8EC8-3079EA04A046}.Debug|Any CPU.ActiveCfg = Debug|Any CPU
		{33E3E4A9-D061-4577-8EC8-3079EA04A046}.Debug|Any CPU.Build.0 = Debug|Any CPU
		{33E3E4A9-D061-4577-8EC8-3079EA04A046}.Release|Any CPU.ActiveCfg = Release|Any CPU
		{33E3E4A9-D061-4577-8EC8-3079EA04A046}.Release|Any CPU.Build.0 = Release|Any CPU
	EndGlobalSection
	GlobalSection(SolutionProperties) = preSolution
		HideSolutionNode = FALSE
	EndGlobalSection
	GlobalSection(ExtensibilityGlobals) = postSolution
		SolutionGuid = {99A8738A-04B1-4707-A025-62DB1B0BE5CA}
	EndGlobalSection
EndGlobal
